// !$*UTF8*$!
{
	archiveVersion = 1;
	classes = {
	};
	objectVersion = 56;
	objects = {

/* Begin PBXBuildFile section */
		AB20426A293B666A0086DA36 /* LifeWrongAnswerNoteApp.swift in Sources */ = {isa = PBXBuildFile; fileRef = AB204269293B666A0086DA36 /* LifeWrongAnswerNoteApp.swift */; };
		AB20426C293B666A0086DA36 /* ContentView.swift in Sources */ = {isa = PBXBuildFile; fileRef = AB20426B293B666A0086DA36 /* ContentView.swift */; };
		AB20426E293B666B0086DA36 /* Assets.xcassets in Resources */ = {isa = PBXBuildFile; fileRef = AB20426D293B666B0086DA36 /* Assets.xcassets */; };
		AB204271293B666B0086DA36 /* Preview Assets.xcassets in Resources */ = {isa = PBXBuildFile; fileRef = AB204270293B666B0086DA36 /* Preview Assets.xcassets */; };
		AB204295293B8A730086DA36 /* ProblemModel.xcdatamodeld in Sources */ = {isa = PBXBuildFile; fileRef = AB204293293B8A730086DA36 /* ProblemModel.xcdatamodeld */; };
		AB204299293B93940086DA36 /* CoreDataManager.swift in Sources */ = {isa = PBXBuildFile; fileRef = AB204298293B93940086DA36 /* CoreDataManager.swift */; };
		AB393152293C65280051454D /* NSManagedObject+.swift in Sources */ = {isa = PBXBuildFile; fileRef = AB393151293C65280051454D /* NSManagedObject+.swift */; };
		AB39316D293C6B980051454D /* CategoryTests.swift in Sources */ = {isa = PBXBuildFile; fileRef = AB39316C293C6B980051454D /* CategoryTests.swift */; };
		AB393174293C6CC00051454D /* Category+.swift in Sources */ = {isa = PBXBuildFile; fileRef = AB393173293C6CC00051454D /* Category+.swift */; };
		AB393176293C8A4E0051454D /* Problem+.swift in Sources */ = {isa = PBXBuildFile; fileRef = AB393175293C8A4E0051454D /* Problem+.swift */; };
		AB393178293C8CB40051454D /* ProblemTests.swift in Sources */ = {isa = PBXBuildFile; fileRef = AB393177293C8CB40051454D /* ProblemTests.swift */; };
		AB39317C293CB41D0051454D /* Assessment.swift in Sources */ = {isa = PBXBuildFile; fileRef = AB39317B293CB41D0051454D /* Assessment.swift */; };
		AB39317E293CCB300051454D /* Choice+.swift in Sources */ = {isa = PBXBuildFile; fileRef = AB39317D293CCB300051454D /* Choice+.swift */; };
		AB393182293CCB6A0051454D /* ChoiceTests.swift in Sources */ = {isa = PBXBuildFile; fileRef = AB393181293CCB6A0051454D /* ChoiceTests.swift */; };
		AB5AB0F5293E01CE0023E453 /* CategoryRow.swift in Sources */ = {isa = PBXBuildFile; fileRef = AB5AB0F4293E01CE0023E453 /* CategoryRow.swift */; };
		AB5AB0FA293E27340023E453 /* CustomSearchBar.swift in Sources */ = {isa = PBXBuildFile; fileRef = AB5AB0F9293E27340023E453 /* CustomSearchBar.swift */; };
		AB5AB0FC293E28F80023E453 /* CategoryListView.swift in Sources */ = {isa = PBXBuildFile; fileRef = AB5AB0FB293E28F80023E453 /* CategoryListView.swift */; };
/* End PBXBuildFile section */

/* Begin PBXContainerItemProxy section */
		AB39316E293C6B980051454D /* PBXContainerItemProxy */ = {
			isa = PBXContainerItemProxy;
			containerPortal = AB20425E293B666A0086DA36 /* Project object */;
			proxyType = 1;
			remoteGlobalIDString = AB204265293B666A0086DA36;
			remoteInfo = LifeWrongAnswerNote;
		};
/* End PBXContainerItemProxy section */

/* Begin PBXFileReference section */
		AB204266293B666A0086DA36 /* LifeWrongAnswerNote.app */ = {isa = PBXFileReference; explicitFileType = wrapper.application; includeInIndex = 0; path = LifeWrongAnswerNote.app; sourceTree = BUILT_PRODUCTS_DIR; };
		AB204269293B666A0086DA36 /* LifeWrongAnswerNoteApp.swift */ = {isa = PBXFileReference; lastKnownFileType = sourcecode.swift; path = LifeWrongAnswerNoteApp.swift; sourceTree = "<group>"; };
		AB20426B293B666A0086DA36 /* ContentView.swift */ = {isa = PBXFileReference; lastKnownFileType = sourcecode.swift; path = ContentView.swift; sourceTree = "<group>"; };
		AB20426D293B666B0086DA36 /* Assets.xcassets */ = {isa = PBXFileReference; lastKnownFileType = folder.assetcatalog; path = Assets.xcassets; sourceTree = "<group>"; };
		AB204270293B666B0086DA36 /* Preview Assets.xcassets */ = {isa = PBXFileReference; lastKnownFileType = folder.assetcatalog; path = "Preview Assets.xcassets"; sourceTree = "<group>"; };
		AB204294293B8A730086DA36 /* ProblemModel.xcdatamodel */ = {isa = PBXFileReference; lastKnownFileType = wrapper.xcdatamodel; path = ProblemModel.xcdatamodel; sourceTree = "<group>"; };
		AB204298293B93940086DA36 /* CoreDataManager.swift */ = {isa = PBXFileReference; lastKnownFileType = sourcecode.swift; path = CoreDataManager.swift; sourceTree = "<group>"; };
		AB393151293C65280051454D /* NSManagedObject+.swift */ = {isa = PBXFileReference; lastKnownFileType = sourcecode.swift; path = "NSManagedObject+.swift"; sourceTree = "<group>"; };
		AB39316A293C6B980051454D /* LifeWrongAnswerNoteTests.xctest */ = {isa = PBXFileReference; explicitFileType = wrapper.cfbundle; includeInIndex = 0; path = LifeWrongAnswerNoteTests.xctest; sourceTree = BUILT_PRODUCTS_DIR; };
		AB39316C293C6B980051454D /* CategoryTests.swift */ = {isa = PBXFileReference; lastKnownFileType = sourcecode.swift; path = CategoryTests.swift; sourceTree = "<group>"; };
		AB393173293C6CC00051454D /* Category+.swift */ = {isa = PBXFileReference; lastKnownFileType = sourcecode.swift; path = "Category+.swift"; sourceTree = "<group>"; };
		AB393175293C8A4E0051454D /* Problem+.swift */ = {isa = PBXFileReference; lastKnownFileType = sourcecode.swift; path = "Problem+.swift"; sourceTree = "<group>"; };
		AB393177293C8CB40051454D /* ProblemTests.swift */ = {isa = PBXFileReference; lastKnownFileType = sourcecode.swift; path = ProblemTests.swift; sourceTree = "<group>"; };
		AB39317B293CB41D0051454D /* Assessment.swift */ = {isa = PBXFileReference; lastKnownFileType = sourcecode.swift; path = Assessment.swift; sourceTree = "<group>"; };
		AB39317D293CCB300051454D /* Choice+.swift */ = {isa = PBXFileReference; lastKnownFileType = sourcecode.swift; path = "Choice+.swift"; sourceTree = "<group>"; };
		AB393181293CCB6A0051454D /* ChoiceTests.swift */ = {isa = PBXFileReference; lastKnownFileType = sourcecode.swift; path = ChoiceTests.swift; sourceTree = "<group>"; };
		AB5AB0F4293E01CE0023E453 /* CategoryRow.swift */ = {isa = PBXFileReference; lastKnownFileType = sourcecode.swift; path = CategoryRow.swift; sourceTree = "<group>"; };
		AB5AB0F9293E27340023E453 /* CustomSearchBar.swift */ = {isa = PBXFileReference; lastKnownFileType = sourcecode.swift; path = CustomSearchBar.swift; sourceTree = "<group>"; };
		AB5AB0FB293E28F80023E453 /* CategoryListView.swift */ = {isa = PBXFileReference; lastKnownFileType = sourcecode.swift; path = CategoryListView.swift; sourceTree = "<group>"; };
/* End PBXFileReference section */

/* Begin PBXFrameworksBuildPhase section */
		AB204263293B666A0086DA36 /* Frameworks */ = {
			isa = PBXFrameworksBuildPhase;
			buildActionMask = 2147483647;
			files = (
			);
			runOnlyForDeploymentPostprocessing = 0;
		};
		AB393167293C6B980051454D /* Frameworks */ = {
			isa = PBXFrameworksBuildPhase;
			buildActionMask = 2147483647;
			files = (
			);
			runOnlyForDeploymentPostprocessing = 0;
		};
/* End PBXFrameworksBuildPhase section */

/* Begin PBXGroup section */
		AB20425D293B666A0086DA36 = {
			isa = PBXGroup;
			children = (
				AB204268293B666A0086DA36 /* LifeWrongAnswerNote */,
				AB39316B293C6B980051454D /* LifeWrongAnswerNoteTests */,
				AB204267293B666A0086DA36 /* Products */,
			);
			sourceTree = "<group>";
		};
		AB204267293B666A0086DA36 /* Products */ = {
			isa = PBXGroup;
			children = (
				AB204266293B666A0086DA36 /* LifeWrongAnswerNote.app */,
				AB39316A293C6B980051454D /* LifeWrongAnswerNoteTests.xctest */,
			);
			name = Products;
			sourceTree = "<group>";
		};
		AB204268293B666A0086DA36 /* LifeWrongAnswerNote */ = {
			isa = PBXGroup;
			children = (
				AB5AB0F0293E003C0023E453 /* Views */,
				AB204292293B8A640086DA36 /* Models */,
				AB204269293B666A0086DA36 /* LifeWrongAnswerNoteApp.swift */,
				AB20426B293B666A0086DA36 /* ContentView.swift */,
				AB20426D293B666B0086DA36 /* Assets.xcassets */,
				AB20426F293B666B0086DA36 /* Preview Content */,
			);
			path = LifeWrongAnswerNote;
			sourceTree = "<group>";
		};
		AB20426F293B666B0086DA36 /* Preview Content */ = {
			isa = PBXGroup;
			children = (
				AB204270293B666B0086DA36 /* Preview Assets.xcassets */,
			);
			path = "Preview Content";
			sourceTree = "<group>";
		};
		AB204292293B8A640086DA36 /* Models */ = {
			isa = PBXGroup;
			children = (
				AB204293293B8A730086DA36 /* ProblemModel.xcdatamodeld */,
				AB204298293B93940086DA36 /* CoreDataManager.swift */,
				AB393151293C65280051454D /* NSManagedObject+.swift */,
				AB393173293C6CC00051454D /* Category+.swift */,
				AB393175293C8A4E0051454D /* Problem+.swift */,
				AB39317B293CB41D0051454D /* Assessment.swift */,
				AB39317D293CCB300051454D /* Choice+.swift */,
			);
			path = Models;
			sourceTree = "<group>";
		};
		AB39316B293C6B980051454D /* LifeWrongAnswerNoteTests */ = {
			isa = PBXGroup;
			children = (
				AB39316C293C6B980051454D /* CategoryTests.swift */,
				AB393177293C8CB40051454D /* ProblemTests.swift */,
				AB393181293CCB6A0051454D /* ChoiceTests.swift */,
			);
			path = LifeWrongAnswerNoteTests;
			sourceTree = "<group>";
		};
		AB5AB0F0293E003C0023E453 /* Views */ = {
			isa = PBXGroup;
			children = (
				AB5AB0F8293E27100023E453 /* Components */,
				AB5AB0F1293E01600023E453 /* CategoryListView */,
			);
			path = Views;
			sourceTree = "<group>";
		};
		AB5AB0F1293E01600023E453 /* CategoryListView */ = {
			isa = PBXGroup;
			children = (
				AB5AB0F4293E01CE0023E453 /* CategoryRow.swift */,
				AB5AB0FB293E28F80023E453 /* CategoryListView.swift */,
			);
			path = CategoryListView;
			sourceTree = "<group>";
		};
		AB5AB0F8293E27100023E453 /* Components */ = {
			isa = PBXGroup;
			children = (
				AB5AB0F9293E27340023E453 /* CustomSearchBar.swift */,
			);
			path = Components;
			sourceTree = "<group>";
		};
/* End PBXGroup section */

/* Begin PBXNativeTarget section */
		AB204265293B666A0086DA36 /* LifeWrongAnswerNote */ = {
			isa = PBXNativeTarget;
			buildConfigurationList = AB204274293B666B0086DA36 /* Build configuration list for PBXNativeTarget "LifeWrongAnswerNote" */;
			buildPhases = (
				AB204262293B666A0086DA36 /* Sources */,
				AB204263293B666A0086DA36 /* Frameworks */,
				AB204264293B666A0086DA36 /* Resources */,
			);
			buildRules = (
			);
			dependencies = (
			);
			name = LifeWrongAnswerNote;
			productName = LifeWrongAnswerNote;
			productReference = AB204266293B666A0086DA36 /* LifeWrongAnswerNote.app */;
			productType = "com.apple.product-type.application";
		};
		AB393169293C6B980051454D /* LifeWrongAnswerNoteTests */ = {
			isa = PBXNativeTarget;
			buildConfigurationList = AB393170293C6B980051454D /* Build configuration list for PBXNativeTarget "LifeWrongAnswerNoteTests" */;
			buildPhases = (
				AB393166293C6B980051454D /* Sources */,
				AB393167293C6B980051454D /* Frameworks */,
				AB393168293C6B980051454D /* Resources */,
			);
			buildRules = (
			);
			dependencies = (
				AB39316F293C6B980051454D /* PBXTargetDependency */,
			);
			name = LifeWrongAnswerNoteTests;
			productName = LifeWrongAnswerNoteTests;
			productReference = AB39316A293C6B980051454D /* LifeWrongAnswerNoteTests.xctest */;
			productType = "com.apple.product-type.bundle.unit-test";
		};
/* End PBXNativeTarget section */

/* Begin PBXProject section */
		AB20425E293B666A0086DA36 /* Project object */ = {
			isa = PBXProject;
			attributes = {
				BuildIndependentTargetsInParallel = 1;
				LastSwiftUpdateCheck = 1410;
				LastUpgradeCheck = 1410;
				TargetAttributes = {
					AB204265293B666A0086DA36 = {
						CreatedOnToolsVersion = 14.1;
					};
					AB393169293C6B980051454D = {
						CreatedOnToolsVersion = 14.1;
						TestTargetID = AB204265293B666A0086DA36;
					};
				};
			};
			buildConfigurationList = AB204261293B666A0086DA36 /* Build configuration list for PBXProject "LifeWrongAnswerNote" */;
			compatibilityVersion = "Xcode 14.0";
			developmentRegion = en;
			hasScannedForEncodings = 0;
			knownRegions = (
				en,
				Base,
			);
			mainGroup = AB20425D293B666A0086DA36;
			productRefGroup = AB204267293B666A0086DA36 /* Products */;
			projectDirPath = "";
			projectRoot = "";
			targets = (
				AB204265293B666A0086DA36 /* LifeWrongAnswerNote */,
				AB393169293C6B980051454D /* LifeWrongAnswerNoteTests */,
			);
		};
/* End PBXProject section */

/* Begin PBXResourcesBuildPhase section */
		AB204264293B666A0086DA36 /* Resources */ = {
			isa = PBXResourcesBuildPhase;
			buildActionMask = 2147483647;
			files = (
				AB204271293B666B0086DA36 /* Preview Assets.xcassets in Resources */,
				AB20426E293B666B0086DA36 /* Assets.xcassets in Resources */,
			);
			runOnlyForDeploymentPostprocessing = 0;
		};
		AB393168293C6B980051454D /* Resources */ = {
			isa = PBXResourcesBuildPhase;
			buildActionMask = 2147483647;
			files = (
			);
			runOnlyForDeploymentPostprocessing = 0;
		};
/* End PBXResourcesBuildPhase section */

/* Begin PBXSourcesBuildPhase section */
		AB204262293B666A0086DA36 /* Sources */ = {
			isa = PBXSourcesBuildPhase;
			buildActionMask = 2147483647;
			files = (
				AB204295293B8A730086DA36 /* ProblemModel.xcdatamodeld in Sources */,
				AB39317E293CCB300051454D /* Choice+.swift in Sources */,
				AB5AB0F5293E01CE0023E453 /* CategoryRow.swift in Sources */,
				AB39317C293CB41D0051454D /* Assessment.swift in Sources */,
				AB393176293C8A4E0051454D /* Problem+.swift in Sources */,
				AB20426C293B666A0086DA36 /* ContentView.swift in Sources */,
				AB5AB0FC293E28F80023E453 /* CategoryListView.swift in Sources */,
				AB204299293B93940086DA36 /* CoreDataManager.swift in Sources */,
				AB393174293C6CC00051454D /* Category+.swift in Sources */,
				AB20426A293B666A0086DA36 /* LifeWrongAnswerNoteApp.swift in Sources */,
				AB5AB0FA293E27340023E453 /* CustomSearchBar.swift in Sources */,
				AB393152293C65280051454D /* NSManagedObject+.swift in Sources */,
			);
			runOnlyForDeploymentPostprocessing = 0;
		};
		AB393166293C6B980051454D /* Sources */ = {
			isa = PBXSourcesBuildPhase;
			buildActionMask = 2147483647;
			files = (
				AB393182293CCB6A0051454D /* ChoiceTests.swift in Sources */,
				AB39316D293C6B980051454D /* CategoryTests.swift in Sources */,
				AB393178293C8CB40051454D /* ProblemTests.swift in Sources */,
			);
			runOnlyForDeploymentPostprocessing = 0;
		};
/* End PBXSourcesBuildPhase section */

/* Begin PBXTargetDependency section */
		AB39316F293C6B980051454D /* PBXTargetDependency */ = {
			isa = PBXTargetDependency;
			target = AB204265293B666A0086DA36 /* LifeWrongAnswerNote */;
			targetProxy = AB39316E293C6B980051454D /* PBXContainerItemProxy */;
		};
/* End PBXTargetDependency section */

/* Begin XCBuildConfiguration section */
		AB204272293B666B0086DA36 /* Debug */ = {
			isa = XCBuildConfiguration;
			buildSettings = {
				ALWAYS_SEARCH_USER_PATHS = NO;
				CLANG_ANALYZER_NONNULL = YES;
				CLANG_ANALYZER_NUMBER_OBJECT_CONVERSION = YES_AGGRESSIVE;
				CLANG_CXX_LANGUAGE_STANDARD = "gnu++20";
				CLANG_ENABLE_MODULES = YES;
				CLANG_ENABLE_OBJC_ARC = YES;
				CLANG_ENABLE_OBJC_WEAK = YES;
				CLANG_WARN_BLOCK_CAPTURE_AUTORELEASING = YES;
				CLANG_WARN_BOOL_CONVERSION = YES;
				CLANG_WARN_COMMA = YES;
				CLANG_WARN_CONSTANT_CONVERSION = YES;
				CLANG_WARN_DEPRECATED_OBJC_IMPLEMENTATIONS = YES;
				CLANG_WARN_DIRECT_OBJC_ISA_USAGE = YES_ERROR;
				CLANG_WARN_DOCUMENTATION_COMMENTS = YES;
				CLANG_WARN_EMPTY_BODY = YES;
				CLANG_WARN_ENUM_CONVERSION = YES;
				CLANG_WARN_INFINITE_RECURSION = YES;
				CLANG_WARN_INT_CONVERSION = YES;
				CLANG_WARN_NON_LITERAL_NULL_CONVERSION = YES;
				CLANG_WARN_OBJC_IMPLICIT_RETAIN_SELF = YES;
				CLANG_WARN_OBJC_LITERAL_CONVERSION = YES;
				CLANG_WARN_OBJC_ROOT_CLASS = YES_ERROR;
				CLANG_WARN_QUOTED_INCLUDE_IN_FRAMEWORK_HEADER = YES;
				CLANG_WARN_RANGE_LOOP_ANALYSIS = YES;
				CLANG_WARN_STRICT_PROTOTYPES = YES;
				CLANG_WARN_SUSPICIOUS_MOVE = YES;
				CLANG_WARN_UNGUARDED_AVAILABILITY = YES_AGGRESSIVE;
				CLANG_WARN_UNREACHABLE_CODE = YES;
				CLANG_WARN__DUPLICATE_METHOD_MATCH = YES;
				COPY_PHASE_STRIP = NO;
				DEBUG_INFORMATION_FORMAT = dwarf;
				ENABLE_STRICT_OBJC_MSGSEND = YES;
				ENABLE_TESTABILITY = YES;
				GCC_C_LANGUAGE_STANDARD = gnu11;
				GCC_DYNAMIC_NO_PIC = NO;
				GCC_NO_COMMON_BLOCKS = YES;
				GCC_OPTIMIZATION_LEVEL = 0;
				GCC_PREPROCESSOR_DEFINITIONS = (
					"DEBUG=1",
					"$(inherited)",
				);
				GCC_WARN_64_TO_32_BIT_CONVERSION = YES;
				GCC_WARN_ABOUT_RETURN_TYPE = YES_ERROR;
				GCC_WARN_UNDECLARED_SELECTOR = YES;
				GCC_WARN_UNINITIALIZED_AUTOS = YES_AGGRESSIVE;
				GCC_WARN_UNUSED_FUNCTION = YES;
				GCC_WARN_UNUSED_VARIABLE = YES;
				IPHONEOS_DEPLOYMENT_TARGET = 16.1;
				MTL_ENABLE_DEBUG_INFO = INCLUDE_SOURCE;
				MTL_FAST_MATH = YES;
				ONLY_ACTIVE_ARCH = YES;
				SDKROOT = iphoneos;
				SWIFT_ACTIVE_COMPILATION_CONDITIONS = DEBUG;
				SWIFT_OPTIMIZATION_LEVEL = "-Onone";
			};
			name = Debug;
		};
		AB204273293B666B0086DA36 /* Release */ = {
			isa = XCBuildConfiguration;
			buildSettings = {
				ALWAYS_SEARCH_USER_PATHS = NO;
				CLANG_ANALYZER_NONNULL = YES;
				CLANG_ANALYZER_NUMBER_OBJECT_CONVERSION = YES_AGGRESSIVE;
				CLANG_CXX_LANGUAGE_STANDARD = "gnu++20";
				CLANG_ENABLE_MODULES = YES;
				CLANG_ENABLE_OBJC_ARC = YES;
				CLANG_ENABLE_OBJC_WEAK = YES;
				CLANG_WARN_BLOCK_CAPTURE_AUTORELEASING = YES;
				CLANG_WARN_BOOL_CONVERSION = YES;
				CLANG_WARN_COMMA = YES;
				CLANG_WARN_CONSTANT_CONVERSION = YES;
				CLANG_WARN_DEPRECATED_OBJC_IMPLEMENTATIONS = YES;
				CLANG_WARN_DIRECT_OBJC_ISA_USAGE = YES_ERROR;
				CLANG_WARN_DOCUMENTATION_COMMENTS = YES;
				CLANG_WARN_EMPTY_BODY = YES;
				CLANG_WARN_ENUM_CONVERSION = YES;
				CLANG_WARN_INFINITE_RECURSION = YES;
				CLANG_WARN_INT_CONVERSION = YES;
				CLANG_WARN_NON_LITERAL_NULL_CONVERSION = YES;
				CLANG_WARN_OBJC_IMPLICIT_RETAIN_SELF = YES;
				CLANG_WARN_OBJC_LITERAL_CONVERSION = YES;
				CLANG_WARN_OBJC_ROOT_CLASS = YES_ERROR;
				CLANG_WARN_QUOTED_INCLUDE_IN_FRAMEWORK_HEADER = YES;
				CLANG_WARN_RANGE_LOOP_ANALYSIS = YES;
				CLANG_WARN_STRICT_PROTOTYPES = YES;
				CLANG_WARN_SUSPICIOUS_MOVE = YES;
				CLANG_WARN_UNGUARDED_AVAILABILITY = YES_AGGRESSIVE;
				CLANG_WARN_UNREACHABLE_CODE = YES;
				CLANG_WARN__DUPLICATE_METHOD_MATCH = YES;
				COPY_PHASE_STRIP = NO;
				DEBUG_INFORMATION_FORMAT = "dwarf-with-dsym";
				ENABLE_NS_ASSERTIONS = NO;
				ENABLE_STRICT_OBJC_MSGSEND = YES;
				GCC_C_LANGUAGE_STANDARD = gnu11;
				GCC_NO_COMMON_BLOCKS = YES;
				GCC_WARN_64_TO_32_BIT_CONVERSION = YES;
				GCC_WARN_ABOUT_RETURN_TYPE = YES_ERROR;
				GCC_WARN_UNDECLARED_SELECTOR = YES;
				GCC_WARN_UNINITIALIZED_AUTOS = YES_AGGRESSIVE;
				GCC_WARN_UNUSED_FUNCTION = YES;
				GCC_WARN_UNUSED_VARIABLE = YES;
				IPHONEOS_DEPLOYMENT_TARGET = 16.1;
				MTL_ENABLE_DEBUG_INFO = NO;
				MTL_FAST_MATH = YES;
				SDKROOT = iphoneos;
				SWIFT_COMPILATION_MODE = wholemodule;
				SWIFT_OPTIMIZATION_LEVEL = "-O";
				VALIDATE_PRODUCT = YES;
			};
			name = Release;
		};
		AB204275293B666B0086DA36 /* Debug */ = {
			isa = XCBuildConfiguration;
			buildSettings = {
				ASSETCATALOG_COMPILER_APPICON_NAME = AppIcon;
				ASSETCATALOG_COMPILER_GLOBAL_ACCENT_COLOR_NAME = AccentColor;
				CODE_SIGN_STYLE = Automatic;
				CURRENT_PROJECT_VERSION = 1;
				DEVELOPMENT_ASSET_PATHS = "\"LifeWrongAnswerNote/Preview Content\"";
				DEVELOPMENT_TEAM = NJ396FQTK4;
				ENABLE_PREVIEWS = YES;
				GENERATE_INFOPLIST_FILE = YES;
				INFOPLIST_KEY_UIApplicationSceneManifest_Generation = YES;
				INFOPLIST_KEY_UIApplicationSupportsIndirectInputEvents = YES;
				INFOPLIST_KEY_UILaunchScreen_Generation = YES;
				INFOPLIST_KEY_UISupportedInterfaceOrientations = UIInterfaceOrientationPortrait;
				INFOPLIST_KEY_UISupportedInterfaceOrientations_iPad = "UIInterfaceOrientationLandscapeLeft UIInterfaceOrientationLandscapeRight UIInterfaceOrientationPortrait UIInterfaceOrientationPortraitUpsideDown";
				IPHONEOS_DEPLOYMENT_TARGET = 15.0;
				LD_RUNPATH_SEARCH_PATHS = (
					"$(inherited)",
					"@executable_path/Frameworks",
				);
				MARKETING_VERSION = 1.0;
				PRODUCT_BUNDLE_IDENTIFIER = com.namegeon.LifeWrongAnswerNote;
				PRODUCT_NAME = "$(TARGET_NAME)";
				SUPPORTED_PLATFORMS = "iphoneos iphonesimulator";
				SUPPORTS_MACCATALYST = NO;
				SUPPORTS_MAC_DESIGNED_FOR_IPHONE_IPAD = NO;
				SWIFT_EMIT_LOC_STRINGS = YES;
				SWIFT_VERSION = 5.0;
				TARGETED_DEVICE_FAMILY = 1;
			};
			name = Debug;
		};
		AB204276293B666B0086DA36 /* Release */ = {
			isa = XCBuildConfiguration;
			buildSettings = {
				ASSETCATALOG_COMPILER_APPICON_NAME = AppIcon;
				ASSETCATALOG_COMPILER_GLOBAL_ACCENT_COLOR_NAME = AccentColor;
				CODE_SIGN_STYLE = Automatic;
				CURRENT_PROJECT_VERSION = 1;
				DEVELOPMENT_ASSET_PATHS = "\"LifeWrongAnswerNote/Preview Content\"";
				DEVELOPMENT_TEAM = NJ396FQTK4;
				ENABLE_PREVIEWS = YES;
				GENERATE_INFOPLIST_FILE = YES;
				INFOPLIST_KEY_UIApplicationSceneManifest_Generation = YES;
				INFOPLIST_KEY_UIApplicationSupportsIndirectInputEvents = YES;
				INFOPLIST_KEY_UILaunchScreen_Generation = YES;
				INFOPLIST_KEY_UISupportedInterfaceOrientations = UIInterfaceOrientationPortrait;
				INFOPLIST_KEY_UISupportedInterfaceOrientations_iPad = "UIInterfaceOrientationLandscapeLeft UIInterfaceOrientationLandscapeRight UIInterfaceOrientationPortrait UIInterfaceOrientationPortraitUpsideDown";
				IPHONEOS_DEPLOYMENT_TARGET = 15.0;
				LD_RUNPATH_SEARCH_PATHS = (
					"$(inherited)",
					"@executable_path/Frameworks",
				);
				MARKETING_VERSION = 1.0;
				PRODUCT_BUNDLE_IDENTIFIER = com.namegeon.LifeWrongAnswerNote;
				PRODUCT_NAME = "$(TARGET_NAME)";
				SUPPORTED_PLATFORMS = "iphoneos iphonesimulator";
				SUPPORTS_MACCATALYST = NO;
				SUPPORTS_MAC_DESIGNED_FOR_IPHONE_IPAD = NO;
				SWIFT_EMIT_LOC_STRINGS = YES;
				SWIFT_VERSION = 5.0;
				TARGETED_DEVICE_FAMILY = 1;
			};
			name = Release;
		};
		AB393171293C6B980051454D /* Debug */ = {
			isa = XCBuildConfiguration;
			buildSettings = {
				BUNDLE_LOADER = "$(TEST_HOST)";
				CODE_SIGN_STYLE = Automatic;
				CURRENT_PROJECT_VERSION = 1;
				DEVELOPMENT_TEAM = NJ396FQTK4;
				GENERATE_INFOPLIST_FILE = YES;
				MARKETING_VERSION = 1.0;
				PRODUCT_BUNDLE_IDENTIFIER = com.namegeon.LifeWrongAnswerNoteTests;
				PRODUCT_NAME = "$(TARGET_NAME)";
				SWIFT_EMIT_LOC_STRINGS = NO;
				SWIFT_VERSION = 5.0;
				TARGETED_DEVICE_FAMILY = "1,2";
				TEST_HOST = "$(BUILT_PRODUCTS_DIR)/LifeWrongAnswerNote.app/$(BUNDLE_EXECUTABLE_FOLDER_PATH)/LifeWrongAnswerNote";
			};
			name = Debug;
		};
		AB393172293C6B980051454D /* Release */ = {
			isa = XCBuildConfiguration;
			buildSettings = {
				BUNDLE_LOADER = "$(TEST_HOST)";
				CODE_SIGN_STYLE = Automatic;
				CURRENT_PROJECT_VERSION = 1;
				DEVELOPMENT_TEAM = NJ396FQTK4;
				GENERATE_INFOPLIST_FILE = YES;
				MARKETING_VERSION = 1.0;
				PRODUCT_BUNDLE_IDENTIFIER = com.namegeon.LifeWrongAnswerNoteTests;
				PRODUCT_NAME = "$(TARGET_NAME)";
				SWIFT_EMIT_LOC_STRINGS = NO;
				SWIFT_VERSION = 5.0;
				TARGETED_DEVICE_FAMILY = "1,2";
				TEST_HOST = "$(BUILT_PRODUCTS_DIR)/LifeWrongAnswerNote.app/$(BUNDLE_EXECUTABLE_FOLDER_PATH)/LifeWrongAnswerNote";
			};
			name = Release;
		};
/* End XCBuildConfiguration section */

/* Begin XCConfigurationList section */
		AB204261293B666A0086DA36 /* Build configuration list for PBXProject "LifeWrongAnswerNote" */ = {
			isa = XCConfigurationList;
			buildConfigurations = (
				AB204272293B666B0086DA36 /* Debug */,
				AB204273293B666B0086DA36 /* Release */,
			);
			defaultConfigurationIsVisible = 0;
			defaultConfigurationName = Release;
		};
		AB204274293B666B0086DA36 /* Build configuration list for PBXNativeTarget "LifeWrongAnswerNote" */ = {
			isa = XCConfigurationList;
			buildConfigurations = (
				AB204275293B666B0086DA36 /* Debug */,
				AB204276293B666B0086DA36 /* Release */,
			);
			defaultConfigurationIsVisible = 0;
			defaultConfigurationName = Release;
		};
		AB393170293C6B980051454D /* Build configuration list for PBXNativeTarget "LifeWrongAnswerNoteTests" */ = {
			isa = XCConfigurationList;
			buildConfigurations = (
				AB393171293C6B980051454D /* Debug */,
				AB393172293C6B980051454D /* Release */,
			);
			defaultConfigurationIsVisible = 0;
			defaultConfigurationName = Release;
		};
/* End XCConfigurationList section */

/* Begin XCVersionGroup section */
		AB204293293B8A730086DA36 /* ProblemModel.xcdatamodeld */ = {
			isa = XCVersionGroup;
			children = (
				AB204294293B8A730086DA36 /* ProblemModel.xcdatamodel */,
			);
			currentVersion = AB204294293B8A730086DA36 /* ProblemModel.xcdatamodel */;
			path = ProblemModel.xcdatamodeld;
			sourceTree = "<group>";
			versionGroupType = wrapper.xcdatamodel;
		};
/* End XCVersionGroup section */
	};
	rootObject = AB20425E293B666A0086DA36 /* Project object */;
}
