// !$*UTF8*$!
{
	archiveVersion = 1;
	classes = {
	};
	objectVersion = 55;
	objects = {

/* Begin PBXBuildFile section */
		213461E12828B22F005B7D63 /* CustomMenuLabel.swift in Sources */ = {isa = PBXBuildFile; fileRef = 213461E02828B22F005B7D63 /* CustomMenuLabel.swift */; };
		213BFCFE2828C01A00FD5A13 /* CustomSearchBar.swift in Sources */ = {isa = PBXBuildFile; fileRef = 213BFCFD2828C01A00FD5A13 /* CustomSearchBar.swift */; };
		213C3D512829FBC700249B50 /* ChoiceRow.swift in Sources */ = {isa = PBXBuildFile; fileRef = 213C3D502829FBC700249B50 /* ChoiceRow.swift */; };
		213C3D53282A02BE00249B50 /* DetailInputTemplate.swift in Sources */ = {isa = PBXBuildFile; fileRef = 213C3D52282A02BE00249B50 /* DetailInputTemplate.swift */; };
		214A6488282A18340044C7AA /* ProblemDetailScreen.swift in Sources */ = {isa = PBXBuildFile; fileRef = 214A6487282A18340044C7AA /* ProblemDetailScreen.swift */; };
		216F9F0E282DE79D00FC2730 /* Category+Extensions.swift in Sources */ = {isa = PBXBuildFile; fileRef = 216F9F0D282DE79D00FC2730 /* Category+Extensions.swift */; };
		216F9F11282DEC3400FC2730 /* CategoryListViewModel.swift in Sources */ = {isa = PBXBuildFile; fileRef = 216F9F10282DEC3400FC2730 /* CategoryListViewModel.swift */; };
		216F9F14282E010D00FC2730 /* AlertUtils.swift in Sources */ = {isa = PBXBuildFile; fileRef = 216F9F13282E010D00FC2730 /* AlertUtils.swift */; };
		218F5C092834FD7600D27DED /* ProblemDetailViewModel.swift in Sources */ = {isa = PBXBuildFile; fileRef = 218F5C082834FD7600D27DED /* ProblemDetailViewModel.swift */; };
		219E57A2282D1781002F153E /* ProblemDataModel.xcdatamodeld in Sources */ = {isa = PBXBuildFile; fileRef = 219E57A0282D1781002F153E /* ProblemDataModel.xcdatamodeld */; };
		219E57A7282D503D002F153E /* CoreDataManager.swift in Sources */ = {isa = PBXBuildFile; fileRef = 219E57A6282D503D002F153E /* CoreDataManager.swift */; };
		219E57A9282D5065002F153E /* BaseModel.swift in Sources */ = {isa = PBXBuildFile; fileRef = 219E57A8282D5065002F153E /* BaseModel.swift */; };
		21B236412828F210003217C0 /* ProblemRow.swift in Sources */ = {isa = PBXBuildFile; fileRef = 21B236402828F210003217C0 /* ProblemRow.swift */; };
		21B236442828F398003217C0 /* Assessment.swift in Sources */ = {isa = PBXBuildFile; fileRef = 21B236432828F398003217C0 /* Assessment.swift */; };
		21B236482828F8DB003217C0 /* ProblemListScreen.swift in Sources */ = {isa = PBXBuildFile; fileRef = 21B236472828F8DB003217C0 /* ProblemListScreen.swift */; };
		21B2364C282903EF003217C0 /* SummaryInputTemplate.swift in Sources */ = {isa = PBXBuildFile; fileRef = 21B2364B282903EF003217C0 /* SummaryInputTemplate.swift */; };
		21B2364E28290563003217C0 /* CustomTextEditor.swift in Sources */ = {isa = PBXBuildFile; fileRef = 21B2364D28290563003217C0 /* CustomTextEditor.swift */; };
		21C7DA0D28349BE9008E92E4 /* Problem+Extensions.swift in Sources */ = {isa = PBXBuildFile; fileRef = 21C7DA0C28349BE9008E92E4 /* Problem+Extensions.swift */; };
		21C7DA0F2834A056008E92E4 /* ProblemListViewModel.swift in Sources */ = {isa = PBXBuildFile; fileRef = 21C7DA0E2834A056008E92E4 /* ProblemListViewModel.swift */; };
		21F7D410281CC27400DB62F2 /* LifeWrongAnswerNoteApp.swift in Sources */ = {isa = PBXBuildFile; fileRef = 21F7D40F281CC27400DB62F2 /* LifeWrongAnswerNoteApp.swift */; };
		21F7D412281CC27400DB62F2 /* ContentView.swift in Sources */ = {isa = PBXBuildFile; fileRef = 21F7D411281CC27400DB62F2 /* ContentView.swift */; };
		21F7D414281CC27500DB62F2 /* Assets.xcassets in Resources */ = {isa = PBXBuildFile; fileRef = 21F7D413281CC27500DB62F2 /* Assets.xcassets */; };
		21F7D417281CC27500DB62F2 /* Preview Assets.xcassets in Resources */ = {isa = PBXBuildFile; fileRef = 21F7D416281CC27500DB62F2 /* Preview Assets.xcassets */; };
		21FDEC6C282B424D00BC510B /* CategoryRow.swift in Sources */ = {isa = PBXBuildFile; fileRef = 21FDEC6B282B424D00BC510B /* CategoryRow.swift */; };
		21FDEC6E282B42FC00BC510B /* CategoryListScreen.swift in Sources */ = {isa = PBXBuildFile; fileRef = 21FDEC6D282B42FC00BC510B /* CategoryListScreen.swift */; };
/* End PBXBuildFile section */

/* Begin PBXFileReference section */
		213461E02828B22F005B7D63 /* CustomMenuLabel.swift */ = {isa = PBXFileReference; lastKnownFileType = sourcecode.swift; path = CustomMenuLabel.swift; sourceTree = "<group>"; };
		213BFCFD2828C01A00FD5A13 /* CustomSearchBar.swift */ = {isa = PBXFileReference; lastKnownFileType = sourcecode.swift; path = CustomSearchBar.swift; sourceTree = "<group>"; };
		213C3D502829FBC700249B50 /* ChoiceRow.swift */ = {isa = PBXFileReference; lastKnownFileType = sourcecode.swift; path = ChoiceRow.swift; sourceTree = "<group>"; };
		213C3D52282A02BE00249B50 /* DetailInputTemplate.swift */ = {isa = PBXFileReference; lastKnownFileType = sourcecode.swift; path = DetailInputTemplate.swift; sourceTree = "<group>"; };
		214A6487282A18340044C7AA /* ProblemDetailScreen.swift */ = {isa = PBXFileReference; lastKnownFileType = sourcecode.swift; path = ProblemDetailScreen.swift; sourceTree = "<group>"; };
		216F9F0D282DE79D00FC2730 /* Category+Extensions.swift */ = {isa = PBXFileReference; lastKnownFileType = sourcecode.swift; path = "Category+Extensions.swift"; sourceTree = "<group>"; };
		216F9F10282DEC3400FC2730 /* CategoryListViewModel.swift */ = {isa = PBXFileReference; lastKnownFileType = sourcecode.swift; path = CategoryListViewModel.swift; sourceTree = "<group>"; };
		216F9F13282E010D00FC2730 /* AlertUtils.swift */ = {isa = PBXFileReference; lastKnownFileType = sourcecode.swift; path = AlertUtils.swift; sourceTree = "<group>"; };
		218F5C082834FD7600D27DED /* ProblemDetailViewModel.swift */ = {isa = PBXFileReference; lastKnownFileType = sourcecode.swift; path = ProblemDetailViewModel.swift; sourceTree = "<group>"; };
		219E57A1282D1781002F153E /* ProblemDataModel.xcdatamodel */ = {isa = PBXFileReference; lastKnownFileType = wrapper.xcdatamodel; path = ProblemDataModel.xcdatamodel; sourceTree = "<group>"; };
		219E57A6282D503D002F153E /* CoreDataManager.swift */ = {isa = PBXFileReference; lastKnownFileType = sourcecode.swift; path = CoreDataManager.swift; sourceTree = "<group>"; };
		219E57A8282D5065002F153E /* BaseModel.swift */ = {isa = PBXFileReference; lastKnownFileType = sourcecode.swift; path = BaseModel.swift; sourceTree = "<group>"; };
		21B236402828F210003217C0 /* ProblemRow.swift */ = {isa = PBXFileReference; lastKnownFileType = sourcecode.swift; path = ProblemRow.swift; sourceTree = "<group>"; };
		21B236432828F398003217C0 /* Assessment.swift */ = {isa = PBXFileReference; lastKnownFileType = sourcecode.swift; path = Assessment.swift; sourceTree = "<group>"; };
		21B236472828F8DB003217C0 /* ProblemListScreen.swift */ = {isa = PBXFileReference; lastKnownFileType = sourcecode.swift; path = ProblemListScreen.swift; sourceTree = "<group>"; };
		21B2364B282903EF003217C0 /* SummaryInputTemplate.swift */ = {isa = PBXFileReference; lastKnownFileType = sourcecode.swift; path = SummaryInputTemplate.swift; sourceTree = "<group>"; };
		21B2364D28290563003217C0 /* CustomTextEditor.swift */ = {isa = PBXFileReference; lastKnownFileType = sourcecode.swift; path = CustomTextEditor.swift; sourceTree = "<group>"; };
		21C7DA0C28349BE9008E92E4 /* Problem+Extensions.swift */ = {isa = PBXFileReference; lastKnownFileType = sourcecode.swift; path = "Problem+Extensions.swift"; sourceTree = "<group>"; };
		21C7DA0E2834A056008E92E4 /* ProblemListViewModel.swift */ = {isa = PBXFileReference; lastKnownFileType = sourcecode.swift; path = ProblemListViewModel.swift; sourceTree = "<group>"; };
		21F7D40C281CC27400DB62F2 /* LifeWrongAnswerNote.app */ = {isa = PBXFileReference; explicitFileType = wrapper.application; includeInIndex = 0; path = LifeWrongAnswerNote.app; sourceTree = BUILT_PRODUCTS_DIR; };
		21F7D40F281CC27400DB62F2 /* LifeWrongAnswerNoteApp.swift */ = {isa = PBXFileReference; lastKnownFileType = sourcecode.swift; path = LifeWrongAnswerNoteApp.swift; sourceTree = "<group>"; };
		21F7D411281CC27400DB62F2 /* ContentView.swift */ = {isa = PBXFileReference; lastKnownFileType = sourcecode.swift; path = ContentView.swift; sourceTree = "<group>"; };
		21F7D413281CC27500DB62F2 /* Assets.xcassets */ = {isa = PBXFileReference; lastKnownFileType = folder.assetcatalog; path = Assets.xcassets; sourceTree = "<group>"; };
		21F7D416281CC27500DB62F2 /* Preview Assets.xcassets */ = {isa = PBXFileReference; lastKnownFileType = folder.assetcatalog; path = "Preview Assets.xcassets"; sourceTree = "<group>"; };
		21FDEC6B282B424D00BC510B /* CategoryRow.swift */ = {isa = PBXFileReference; lastKnownFileType = sourcecode.swift; path = CategoryRow.swift; sourceTree = "<group>"; };
		21FDEC6D282B42FC00BC510B /* CategoryListScreen.swift */ = {isa = PBXFileReference; lastKnownFileType = sourcecode.swift; path = CategoryListScreen.swift; sourceTree = "<group>"; };
/* End PBXFileReference section */

/* Begin PBXFrameworksBuildPhase section */
		21F7D409281CC27400DB62F2 /* Frameworks */ = {
			isa = PBXFrameworksBuildPhase;
			buildActionMask = 2147483647;
			files = (
			);
			runOnlyForDeploymentPostprocessing = 0;
		};
/* End PBXFrameworksBuildPhase section */

/* Begin PBXGroup section */
		213461DE2828B1ED005B7D63 /* Views */ = {
			isa = PBXGroup;
			children = (
				21B236472828F8DB003217C0 /* ProblemListScreen.swift */,
				214A6487282A18340044C7AA /* ProblemDetailScreen.swift */,
				21FDEC6D282B42FC00BC510B /* CategoryListScreen.swift */,
				213461DF2828B21E005B7D63 /* SubViews */,
			);
			path = Views;
			sourceTree = "<group>";
		};
		213461DF2828B21E005B7D63 /* SubViews */ = {
			isa = PBXGroup;
			children = (
				213461E02828B22F005B7D63 /* CustomMenuLabel.swift */,
				213BFCFD2828C01A00FD5A13 /* CustomSearchBar.swift */,
				21B236402828F210003217C0 /* ProblemRow.swift */,
				21B2364B282903EF003217C0 /* SummaryInputTemplate.swift */,
				21B2364D28290563003217C0 /* CustomTextEditor.swift */,
				213C3D502829FBC700249B50 /* ChoiceRow.swift */,
				213C3D52282A02BE00249B50 /* DetailInputTemplate.swift */,
				21FDEC6B282B424D00BC510B /* CategoryRow.swift */,
			);
			path = SubViews;
			sourceTree = "<group>";
		};
		216F9F0F282DEBC500FC2730 /* ViewModels */ = {
			isa = PBXGroup;
			children = (
				216F9F10282DEC3400FC2730 /* CategoryListViewModel.swift */,
				21C7DA0E2834A056008E92E4 /* ProblemListViewModel.swift */,
				218F5C082834FD7600D27DED /* ProblemDetailViewModel.swift */,
			);
			path = ViewModels;
			sourceTree = "<group>";
		};
		216F9F12282E00FE00FC2730 /* Utils */ = {
			isa = PBXGroup;
			children = (
				216F9F13282E010D00FC2730 /* AlertUtils.swift */,
			);
			path = Utils;
			sourceTree = "<group>";
		};
		219E57A5282D5032002F153E /* Managers */ = {
			isa = PBXGroup;
			children = (
				219E57A6282D503D002F153E /* CoreDataManager.swift */,
			);
			path = Managers;
			sourceTree = "<group>";
		};
		21B236422828F38B003217C0 /* Models */ = {
			isa = PBXGroup;
			children = (
				21B236432828F398003217C0 /* Assessment.swift */,
				219E57A0282D1781002F153E /* ProblemDataModel.xcdatamodeld */,
				219E57A8282D5065002F153E /* BaseModel.swift */,
				216F9F0D282DE79D00FC2730 /* Category+Extensions.swift */,
				21C7DA0C28349BE9008E92E4 /* Problem+Extensions.swift */,
			);
			path = Models;
			sourceTree = "<group>";
		};
		21F7D403281CC27300DB62F2 = {
			isa = PBXGroup;
			children = (
				21F7D40E281CC27400DB62F2 /* LifeWrongAnswerNote */,
				21F7D40D281CC27400DB62F2 /* Products */,
			);
			sourceTree = "<group>";
		};
		21F7D40D281CC27400DB62F2 /* Products */ = {
			isa = PBXGroup;
			children = (
				21F7D40C281CC27400DB62F2 /* LifeWrongAnswerNote.app */,
			);
			name = Products;
			sourceTree = "<group>";
		};
		21F7D40E281CC27400DB62F2 /* LifeWrongAnswerNote */ = {
			isa = PBXGroup;
			children = (
				216F9F12282E00FE00FC2730 /* Utils */,
				216F9F0F282DEBC500FC2730 /* ViewModels */,
				219E57A5282D5032002F153E /* Managers */,
				21B236422828F38B003217C0 /* Models */,
				213461DE2828B1ED005B7D63 /* Views */,
				21F7D40F281CC27400DB62F2 /* LifeWrongAnswerNoteApp.swift */,
				21F7D411281CC27400DB62F2 /* ContentView.swift */,
				21F7D413281CC27500DB62F2 /* Assets.xcassets */,
				21F7D415281CC27500DB62F2 /* Preview Content */,
			);
			path = LifeWrongAnswerNote;
			sourceTree = "<group>";
		};
		21F7D415281CC27500DB62F2 /* Preview Content */ = {
			isa = PBXGroup;
			children = (
				21F7D416281CC27500DB62F2 /* Preview Assets.xcassets */,
			);
			path = "Preview Content";
			sourceTree = "<group>";
		};
/* End PBXGroup section */

/* Begin PBXNativeTarget section */
		21F7D40B281CC27400DB62F2 /* LifeWrongAnswerNote */ = {
			isa = PBXNativeTarget;
			buildConfigurationList = 21F7D41A281CC27500DB62F2 /* Build configuration list for PBXNativeTarget "LifeWrongAnswerNote" */;
			buildPhases = (
				21F7D408281CC27400DB62F2 /* Sources */,
				21F7D409281CC27400DB62F2 /* Frameworks */,
				21F7D40A281CC27400DB62F2 /* Resources */,
			);
			buildRules = (
			);
			dependencies = (
			);
			name = LifeWrongAnswerNote;
			productName = LifeWrongAnswerNote;
			productReference = 21F7D40C281CC27400DB62F2 /* LifeWrongAnswerNote.app */;
			productType = "com.apple.product-type.application";
		};
/* End PBXNativeTarget section */

/* Begin PBXProject section */
		21F7D404281CC27400DB62F2 /* Project object */ = {
			isa = PBXProject;
			attributes = {
				BuildIndependentTargetsInParallel = 1;
				LastSwiftUpdateCheck = 1330;
				LastUpgradeCheck = 1330;
				TargetAttributes = {
					21F7D40B281CC27400DB62F2 = {
						CreatedOnToolsVersion = 13.3.1;
					};
				};
			};
			buildConfigurationList = 21F7D407281CC27400DB62F2 /* Build configuration list for PBXProject "LifeWrongAnswerNote" */;
			compatibilityVersion = "Xcode 13.0";
			developmentRegion = en;
			hasScannedForEncodings = 0;
			knownRegions = (
				en,
				Base,
			);
			mainGroup = 21F7D403281CC27300DB62F2;
			productRefGroup = 21F7D40D281CC27400DB62F2 /* Products */;
			projectDirPath = "";
			projectRoot = "";
			targets = (
				21F7D40B281CC27400DB62F2 /* LifeWrongAnswerNote */,
			);
		};
/* End PBXProject section */

/* Begin PBXResourcesBuildPhase section */
		21F7D40A281CC27400DB62F2 /* Resources */ = {
			isa = PBXResourcesBuildPhase;
			buildActionMask = 2147483647;
			files = (
				21F7D417281CC27500DB62F2 /* Preview Assets.xcassets in Resources */,
				21F7D414281CC27500DB62F2 /* Assets.xcassets in Resources */,
			);
			runOnlyForDeploymentPostprocessing = 0;
		};
/* End PBXResourcesBuildPhase section */

/* Begin PBXSourcesBuildPhase section */
		21F7D408281CC27400DB62F2 /* Sources */ = {
			isa = PBXSourcesBuildPhase;
			buildActionMask = 2147483647;
			files = (
				216F9F14282E010D00FC2730 /* AlertUtils.swift in Sources */,
				216F9F11282DEC3400FC2730 /* CategoryListViewModel.swift in Sources */,
				21C7DA0D28349BE9008E92E4 /* Problem+Extensions.swift in Sources */,
				214A6488282A18340044C7AA /* ProblemDetailScreen.swift in Sources */,
				21B236482828F8DB003217C0 /* ProblemListScreen.swift in Sources */,
				21F7D412281CC27400DB62F2 /* ContentView.swift in Sources */,
				21F7D410281CC27400DB62F2 /* LifeWrongAnswerNoteApp.swift in Sources */,
				21B2364E28290563003217C0 /* CustomTextEditor.swift in Sources */,
				21FDEC6E282B42FC00BC510B /* CategoryListScreen.swift in Sources */,
				21B236412828F210003217C0 /* ProblemRow.swift in Sources */,
				219E57A2282D1781002F153E /* ProblemDataModel.xcdatamodeld in Sources */,
				21FDEC6C282B424D00BC510B /* CategoryRow.swift in Sources */,
				216F9F0E282DE79D00FC2730 /* Category+Extensions.swift in Sources */,
				21B236442828F398003217C0 /* Assessment.swift in Sources */,
				213BFCFE2828C01A00FD5A13 /* CustomSearchBar.swift in Sources */,
				219E57A9282D5065002F153E /* BaseModel.swift in Sources */,
				213461E12828B22F005B7D63 /* CustomMenuLabel.swift in Sources */,
				213C3D53282A02BE00249B50 /* DetailInputTemplate.swift in Sources */,
				21C7DA0F2834A056008E92E4 /* ProblemListViewModel.swift in Sources */,
				218F5C092834FD7600D27DED /* ProblemDetailViewModel.swift in Sources */,
				21B2364C282903EF003217C0 /* SummaryInputTemplate.swift in Sources */,
				219E57A7282D503D002F153E /* CoreDataManager.swift in Sources */,
				213C3D512829FBC700249B50 /* ChoiceRow.swift in Sources */,
			);
			runOnlyForDeploymentPostprocessing = 0;
		};
/* End PBXSourcesBuildPhase section */

/* Begin XCBuildConfiguration section */
		21F7D418281CC27500DB62F2 /* Debug */ = {
			isa = XCBuildConfiguration;
			buildSettings = {
				ALWAYS_SEARCH_USER_PATHS = NO;
				CLANG_ANALYZER_NONNULL = YES;
				CLANG_ANALYZER_NUMBER_OBJECT_CONVERSION = YES_AGGRESSIVE;
				CLANG_CXX_LANGUAGE_STANDARD = "gnu++17";
				CLANG_ENABLE_MODULES = YES;
				CLANG_ENABLE_OBJC_ARC = YES;
				CLANG_ENABLE_OBJC_WEAK = YES;
				CLANG_WARN_BLOCK_CAPTURE_AUTORELEASING = YES;
				CLANG_WARN_BOOL_CONVERSION = YES;
				CLANG_WARN_COMMA = YES;
				CLANG_WARN_CONSTANT_CONVERSION = YES;
				CLANG_WARN_DEPRECATED_OBJC_IMPLEMENTATIONS = YES;
				CLANG_WARN_DIRECT_OBJC_ISA_USAGE = YES_ERROR;
				CLANG_WARN_DOCUMENTATION_COMMENTS = YES;
				CLANG_WARN_EMPTY_BODY = YES;
				CLANG_WARN_ENUM_CONVERSION = YES;
				CLANG_WARN_INFINITE_RECURSION = YES;
				CLANG_WARN_INT_CONVERSION = YES;
				CLANG_WARN_NON_LITERAL_NULL_CONVERSION = YES;
				CLANG_WARN_OBJC_IMPLICIT_RETAIN_SELF = YES;
				CLANG_WARN_OBJC_LITERAL_CONVERSION = YES;
				CLANG_WARN_OBJC_ROOT_CLASS = YES_ERROR;
				CLANG_WARN_QUOTED_INCLUDE_IN_FRAMEWORK_HEADER = YES;
				CLANG_WARN_RANGE_LOOP_ANALYSIS = YES;
				CLANG_WARN_STRICT_PROTOTYPES = YES;
				CLANG_WARN_SUSPICIOUS_MOVE = YES;
				CLANG_WARN_UNGUARDED_AVAILABILITY = YES_AGGRESSIVE;
				CLANG_WARN_UNREACHABLE_CODE = YES;
				CLANG_WARN__DUPLICATE_METHOD_MATCH = YES;
				COPY_PHASE_STRIP = NO;
				DEBUG_INFORMATION_FORMAT = dwarf;
				ENABLE_STRICT_OBJC_MSGSEND = YES;
				ENABLE_TESTABILITY = YES;
				GCC_C_LANGUAGE_STANDARD = gnu11;
				GCC_DYNAMIC_NO_PIC = NO;
				GCC_NO_COMMON_BLOCKS = YES;
				GCC_OPTIMIZATION_LEVEL = 0;
				GCC_PREPROCESSOR_DEFINITIONS = (
					"DEBUG=1",
					"$(inherited)",
				);
				GCC_WARN_64_TO_32_BIT_CONVERSION = YES;
				GCC_WARN_ABOUT_RETURN_TYPE = YES_ERROR;
				GCC_WARN_UNDECLARED_SELECTOR = YES;
				GCC_WARN_UNINITIALIZED_AUTOS = YES_AGGRESSIVE;
				GCC_WARN_UNUSED_FUNCTION = YES;
				GCC_WARN_UNUSED_VARIABLE = YES;
				IPHONEOS_DEPLOYMENT_TARGET = 15.4;
				MTL_ENABLE_DEBUG_INFO = INCLUDE_SOURCE;
				MTL_FAST_MATH = YES;
				ONLY_ACTIVE_ARCH = YES;
				SDKROOT = iphoneos;
				SWIFT_ACTIVE_COMPILATION_CONDITIONS = DEBUG;
				SWIFT_OPTIMIZATION_LEVEL = "-Onone";
			};
			name = Debug;
		};
		21F7D419281CC27500DB62F2 /* Release */ = {
			isa = XCBuildConfiguration;
			buildSettings = {
				ALWAYS_SEARCH_USER_PATHS = NO;
				CLANG_ANALYZER_NONNULL = YES;
				CLANG_ANALYZER_NUMBER_OBJECT_CONVERSION = YES_AGGRESSIVE;
				CLANG_CXX_LANGUAGE_STANDARD = "gnu++17";
				CLANG_ENABLE_MODULES = YES;
				CLANG_ENABLE_OBJC_ARC = YES;
				CLANG_ENABLE_OBJC_WEAK = YES;
				CLANG_WARN_BLOCK_CAPTURE_AUTORELEASING = YES;
				CLANG_WARN_BOOL_CONVERSION = YES;
				CLANG_WARN_COMMA = YES;
				CLANG_WARN_CONSTANT_CONVERSION = YES;
				CLANG_WARN_DEPRECATED_OBJC_IMPLEMENTATIONS = YES;
				CLANG_WARN_DIRECT_OBJC_ISA_USAGE = YES_ERROR;
				CLANG_WARN_DOCUMENTATION_COMMENTS = YES;
				CLANG_WARN_EMPTY_BODY = YES;
				CLANG_WARN_ENUM_CONVERSION = YES;
				CLANG_WARN_INFINITE_RECURSION = YES;
				CLANG_WARN_INT_CONVERSION = YES;
				CLANG_WARN_NON_LITERAL_NULL_CONVERSION = YES;
				CLANG_WARN_OBJC_IMPLICIT_RETAIN_SELF = YES;
				CLANG_WARN_OBJC_LITERAL_CONVERSION = YES;
				CLANG_WARN_OBJC_ROOT_CLASS = YES_ERROR;
				CLANG_WARN_QUOTED_INCLUDE_IN_FRAMEWORK_HEADER = YES;
				CLANG_WARN_RANGE_LOOP_ANALYSIS = YES;
				CLANG_WARN_STRICT_PROTOTYPES = YES;
				CLANG_WARN_SUSPICIOUS_MOVE = YES;
				CLANG_WARN_UNGUARDED_AVAILABILITY = YES_AGGRESSIVE;
				CLANG_WARN_UNREACHABLE_CODE = YES;
				CLANG_WARN__DUPLICATE_METHOD_MATCH = YES;
				COPY_PHASE_STRIP = NO;
				DEBUG_INFORMATION_FORMAT = "dwarf-with-dsym";
				ENABLE_NS_ASSERTIONS = NO;
				ENABLE_STRICT_OBJC_MSGSEND = YES;
				GCC_C_LANGUAGE_STANDARD = gnu11;
				GCC_NO_COMMON_BLOCKS = YES;
				GCC_WARN_64_TO_32_BIT_CONVERSION = YES;
				GCC_WARN_ABOUT_RETURN_TYPE = YES_ERROR;
				GCC_WARN_UNDECLARED_SELECTOR = YES;
				GCC_WARN_UNINITIALIZED_AUTOS = YES_AGGRESSIVE;
				GCC_WARN_UNUSED_FUNCTION = YES;
				GCC_WARN_UNUSED_VARIABLE = YES;
				IPHONEOS_DEPLOYMENT_TARGET = 15.4;
				MTL_ENABLE_DEBUG_INFO = NO;
				MTL_FAST_MATH = YES;
				SDKROOT = iphoneos;
				SWIFT_COMPILATION_MODE = wholemodule;
				SWIFT_OPTIMIZATION_LEVEL = "-O";
				VALIDATE_PRODUCT = YES;
			};
			name = Release;
		};
		21F7D41B281CC27500DB62F2 /* Debug */ = {
			isa = XCBuildConfiguration;
			buildSettings = {
				ASSETCATALOG_COMPILER_APPICON_NAME = AppIcon;
				ASSETCATALOG_COMPILER_GLOBAL_ACCENT_COLOR_NAME = AccentColor;
				CODE_SIGN_STYLE = Automatic;
				CURRENT_PROJECT_VERSION = 1;
				DEVELOPMENT_ASSET_PATHS = "\"LifeWrongAnswerNote/Preview Content\"";
				DEVELOPMENT_TEAM = NJ396FQTK4;
				ENABLE_PREVIEWS = YES;
				GENERATE_INFOPLIST_FILE = YES;
				INFOPLIST_KEY_UIApplicationSceneManifest_Generation = YES;
				INFOPLIST_KEY_UIApplicationSupportsIndirectInputEvents = YES;
				INFOPLIST_KEY_UILaunchScreen_Generation = YES;
				INFOPLIST_KEY_UISupportedInterfaceOrientations_iPad = "UIInterfaceOrientationPortrait UIInterfaceOrientationPortraitUpsideDown UIInterfaceOrientationLandscapeLeft UIInterfaceOrientationLandscapeRight";
				INFOPLIST_KEY_UISupportedInterfaceOrientations_iPhone = "UIInterfaceOrientationPortrait UIInterfaceOrientationLandscapeLeft UIInterfaceOrientationLandscapeRight";
				LD_RUNPATH_SEARCH_PATHS = (
					"$(inherited)",
					"@executable_path/Frameworks",
				);
				MARKETING_VERSION = 1.0;
				PRODUCT_BUNDLE_IDENTIFIER = com.namgeon.LifeWrongAnswerNote;
				PRODUCT_NAME = "$(TARGET_NAME)";
				SWIFT_EMIT_LOC_STRINGS = YES;
				SWIFT_VERSION = 5.0;
				TARGETED_DEVICE_FAMILY = "1,2";
			};
			name = Debug;
		};
		21F7D41C281CC27500DB62F2 /* Release */ = {
			isa = XCBuildConfiguration;
			buildSettings = {
				ASSETCATALOG_COMPILER_APPICON_NAME = AppIcon;
				ASSETCATALOG_COMPILER_GLOBAL_ACCENT_COLOR_NAME = AccentColor;
				CODE_SIGN_STYLE = Automatic;
				CURRENT_PROJECT_VERSION = 1;
				DEVELOPMENT_ASSET_PATHS = "\"LifeWrongAnswerNote/Preview Content\"";
				DEVELOPMENT_TEAM = NJ396FQTK4;
				ENABLE_PREVIEWS = YES;
				GENERATE_INFOPLIST_FILE = YES;
				INFOPLIST_KEY_UIApplicationSceneManifest_Generation = YES;
				INFOPLIST_KEY_UIApplicationSupportsIndirectInputEvents = YES;
				INFOPLIST_KEY_UILaunchScreen_Generation = YES;
				INFOPLIST_KEY_UISupportedInterfaceOrientations_iPad = "UIInterfaceOrientationPortrait UIInterfaceOrientationPortraitUpsideDown UIInterfaceOrientationLandscapeLeft UIInterfaceOrientationLandscapeRight";
				INFOPLIST_KEY_UISupportedInterfaceOrientations_iPhone = "UIInterfaceOrientationPortrait UIInterfaceOrientationLandscapeLeft UIInterfaceOrientationLandscapeRight";
				LD_RUNPATH_SEARCH_PATHS = (
					"$(inherited)",
					"@executable_path/Frameworks",
				);
				MARKETING_VERSION = 1.0;
				PRODUCT_BUNDLE_IDENTIFIER = com.namgeon.LifeWrongAnswerNote;
				PRODUCT_NAME = "$(TARGET_NAME)";
				SWIFT_EMIT_LOC_STRINGS = YES;
				SWIFT_VERSION = 5.0;
				TARGETED_DEVICE_FAMILY = "1,2";
			};
			name = Release;
		};
/* End XCBuildConfiguration section */

/* Begin XCConfigurationList section */
		21F7D407281CC27400DB62F2 /* Build configuration list for PBXProject "LifeWrongAnswerNote" */ = {
			isa = XCConfigurationList;
			buildConfigurations = (
				21F7D418281CC27500DB62F2 /* Debug */,
				21F7D419281CC27500DB62F2 /* Release */,
			);
			defaultConfigurationIsVisible = 0;
			defaultConfigurationName = Release;
		};
		21F7D41A281CC27500DB62F2 /* Build configuration list for PBXNativeTarget "LifeWrongAnswerNote" */ = {
			isa = XCConfigurationList;
			buildConfigurations = (
				21F7D41B281CC27500DB62F2 /* Debug */,
				21F7D41C281CC27500DB62F2 /* Release */,
			);
			defaultConfigurationIsVisible = 0;
			defaultConfigurationName = Release;
		};
/* End XCConfigurationList section */

/* Begin XCVersionGroup section */
		219E57A0282D1781002F153E /* ProblemDataModel.xcdatamodeld */ = {
			isa = XCVersionGroup;
			children = (
				219E57A1282D1781002F153E /* ProblemDataModel.xcdatamodel */,
			);
			currentVersion = 219E57A1282D1781002F153E /* ProblemDataModel.xcdatamodel */;
			path = ProblemDataModel.xcdatamodeld;
			sourceTree = "<group>";
			versionGroupType = wrapper.xcdatamodel;
		};
/* End XCVersionGroup section */
	};
	rootObject = 21F7D404281CC27400DB62F2 /* Project object */;
}
